
Microsoft Visual Studio Solution File, Format Version 12.00
# Visual Studio Version 17
VisualStudioVersion = 17.1.32421.90
MinimumVisualStudioVersion = 10.0.40219.1
Project("{FAE04EC0-301F-11D3-BF4B-00C04F79EFBC}") = "StockTracking", "StockTracking\StockTracking.csproj", "{D8C4FBEB-2BA6-411D-ABE3-8E0A1112BC18}"
EndProject
Global
	GlobalSection(SolutionConfigurationPlatforms) = preSolution
		Debug|Any CPU = Debug|Any CPU
		Release|Any CPU = Release|Any CPU
	EndGlobalSection
	GlobalSection(ProjectConfigurationPlatforms) = postSolution
		{D8C4FBEB-2BA6-411D-ABE3-8E0A1112BC18}.Debug|Any CPU.ActiveCfg = Debug|Any CPU
		{D8C4FBEB-2BA6-411D-ABE3-8E0A1112BC18}.Debug|Any CPU.Build.0 = Debug|Any CPU
		{D8C4FBEB-2BA6-411D-ABE3-8E0A1112BC18}.Release|Any CPU.ActiveCfg = Release|Any CPU
		{D8C4FBEB-2BA6-411D-ABE3-8E0A1112BC18}.Release|Any CPU.Build.0 = Release|Any CPU
	EndGlobalSection
	GlobalSection(SolutionProperties) = preSolution
		HideSolutionNode = FALSE
	EndGlobalSection
	GlobalSection(ExtensibilityGlobals) = postSolution
		SolutionGuid = {A1F6CCD8-30BB-43F8-A725-2D752363E2D0}
	EndGlobalSection
EndGlobal
